
Microsoft Visual Studio Solution File, Format Version 12.00
# Visual Studio Version 17
VisualStudioVersion = 17.0.31903.59
MinimumVisualStudioVersion = 10.0.40219.1
Project("{FAE04EC0-301F-11D3-BF4B-00C04F79EFBC}") = "Lifenote.API", "Lifenote.API\Lifenote.API.csproj", "{019E4DA4-B2F6-4EF4-8CF2-5CEB2EFD55B4}"
EndProject
Project("{FAE04EC0-301F-11D3-BF4B-00C04F79EFBC}") = "Lifenote.Core", "Lifenote.Core\Lifenote.Core.csproj", "{947EE7B6-5F3F-46C1-BA7D-42029420FFAA}"
EndProject
Project("{FAE04EC0-301F-11D3-BF4B-00C04F79EFBC}") = "Lifenote.Data", "Lifenote.Data\Lifenote.Data.csproj", "{22832AFB-C0FC-4E8F-AE71-B7A519E1CCCE}"
EndProject
Project("{FAE04EC0-301F-11D3-BF4B-00C04F79EFBC}") = "Lifenote.Domain", "Lifenote.Domain\Lifenote.Domain.csproj", "{52C0D6E9-37BF-44E8-AE0F-30A1A1F2F164}"
EndProject
Project("{FAE04EC0-301F-11D3-BF4B-00C04F79EFBC}") = "Lifenote.Application", "Lifenote.Application\Lifenote.Application.csproj", "{A658E195-9E64-44D0-9BE9-2D9134AF3E02}"
EndProject
Project("{FAE04EC0-301F-11D3-BF4B-00C04F79EFBC}") = "Lifenote.Infrastructure", "Lifenote.Infrastructure\Lifenote.Infrastructure.csproj", "{AA8C9569-2CFB-4875-8028-724A86854051}"
EndProject
Global
	GlobalSection(SolutionConfigurationPlatforms) = preSolution
		Debug|Any CPU = Debug|Any CPU
		Debug|x64 = Debug|x64
		Debug|x86 = Debug|x86
		Release|Any CPU = Release|Any CPU
		Release|x64 = Release|x64
		Release|x86 = Release|x86
	EndGlobalSection
	GlobalSection(ProjectConfigurationPlatforms) = postSolution
		{019E4DA4-B2F6-4EF4-8CF2-5CEB2EFD55B4}.Debug|Any CPU.ActiveCfg = Debug|Any CPU
		{019E4DA4-B2F6-4EF4-8CF2-5CEB2EFD55B4}.Debug|Any CPU.Build.0 = Debug|Any CPU
		{019E4DA4-B2F6-4EF4-8CF2-5CEB2EFD55B4}.Debug|x64.ActiveCfg = Debug|Any CPU
		{019E4DA4-B2F6-4EF4-8CF2-5CEB2EFD55B4}.Debug|x64.Build.0 = Debug|Any CPU
		{019E4DA4-B2F6-4EF4-8CF2-5CEB2EFD55B4}.Debug|x86.ActiveCfg = Debug|Any CPU
		{019E4DA4-B2F6-4EF4-8CF2-5CEB2EFD55B4}.Debug|x86.Build.0 = Debug|Any CPU
		{019E4DA4-B2F6-4EF4-8CF2-5CEB2EFD55B4}.Release|Any CPU.ActiveCfg = Release|Any CPU
		{019E4DA4-B2F6-4EF4-8CF2-5CEB2EFD55B4}.Release|Any CPU.Build.0 = Release|Any CPU
		{019E4DA4-B2F6-4EF4-8CF2-5CEB2EFD55B4}.Release|x64.ActiveCfg = Release|Any CPU
		{019E4DA4-B2F6-4EF4-8CF2-5CEB2EFD55B4}.Release|x64.Build.0 = Release|Any CPU
		{019E4DA4-B2F6-4EF4-8CF2-5CEB2EFD55B4}.Release|x86.ActiveCfg = Release|Any CPU
		{019E4DA4-B2F6-4EF4-8CF2-5CEB2EFD55B4}.Release|x86.Build.0 = Release|Any CPU
		{947EE7B6-5F3F-46C1-BA7D-42029420FFAA}.Debug|Any CPU.ActiveCfg = Debug|Any CPU
		{947EE7B6-5F3F-46C1-BA7D-42029420FFAA}.Debug|Any CPU.Build.0 = Debug|Any CPU
		{947EE7B6-5F3F-46C1-BA7D-42029420FFAA}.Debug|x64.ActiveCfg = Debug|Any CPU
		{947EE7B6-5F3F-46C1-BA7D-42029420FFAA}.Debug|x64.Build.0 = Debug|Any CPU
		{947EE7B6-5F3F-46C1-BA7D-42029420FFAA}.Debug|x86.ActiveCfg = Debug|Any CPU
		{947EE7B6-5F3F-46C1-BA7D-42029420FFAA}.Debug|x86.Build.0 = Debug|Any CPU
		{947EE7B6-5F3F-46C1-BA7D-42029420FFAA}.Release|Any CPU.ActiveCfg = Release|Any CPU
		{947EE7B6-5F3F-46C1-BA7D-42029420FFAA}.Release|Any CPU.Build.0 = Release|Any CPU
		{947EE7B6-5F3F-46C1-BA7D-42029420FFAA}.Release|x64.ActiveCfg = Release|Any CPU
		{947EE7B6-5F3F-46C1-BA7D-42029420FFAA}.Release|x64.Build.0 = Release|Any CPU
		{947EE7B6-5F3F-46C1-BA7D-42029420FFAA}.Release|x86.ActiveCfg = Release|Any CPU
		{947EE7B6-5F3F-46C1-BA7D-42029420FFAA}.Release|x86.Build.0 = Release|Any CPU
		{22832AFB-C0FC-4E8F-AE71-B7A519E1CCCE}.Debug|Any CPU.ActiveCfg = Debug|Any CPU
		{22832AFB-C0FC-4E8F-AE71-B7A519E1CCCE}.Debug|Any CPU.Build.0 = Debug|Any CPU
		{22832AFB-C0FC-4E8F-AE71-B7A519E1CCCE}.Debug|x64.ActiveCfg = Debug|Any CPU
		{22832AFB-C0FC-4E8F-AE71-B7A519E1CCCE}.Debug|x64.Build.0 = Debug|Any CPU
		{22832AFB-C0FC-4E8F-AE71-B7A519E1CCCE}.Debug|x86.ActiveCfg = Debug|Any CPU
		{22832AFB-C0FC-4E8F-AE71-B7A519E1CCCE}.Debug|x86.Build.0 = Debug|Any CPU
		{22832AFB-C0FC-4E8F-AE71-B7A519E1CCCE}.Release|Any CPU.ActiveCfg = Release|Any CPU
		{22832AFB-C0FC-4E8F-AE71-B7A519E1CCCE}.Release|Any CPU.Build.0 = Release|Any CPU
		{22832AFB-C0FC-4E8F-AE71-B7A519E1CCCE}.Release|x64.ActiveCfg = Release|Any CPU
		{22832AFB-C0FC-4E8F-AE71-B7A519E1CCCE}.Release|x64.Build.0 = Release|Any CPU
		{22832AFB-C0FC-4E8F-AE71-B7A519E1CCCE}.Release|x86.ActiveCfg = Release|Any CPU
		{22832AFB-C0FC-4E8F-AE71-B7A519E1CCCE}.Release|x86.Build.0 = Release|Any CPU
		{52C0D6E9-37BF-44E8-AE0F-30A1A1F2F164}.Debug|Any CPU.ActiveCfg = Debug|Any CPU
		{52C0D6E9-37BF-44E8-AE0F-30A1A1F2F164}.Debug|Any CPU.Build.0 = Debug|Any CPU
		{52C0D6E9-37BF-44E8-AE0F-30A1A1F2F164}.Debug|x64.ActiveCfg = Debug|Any CPU
		{52C0D6E9-37BF-44E8-AE0F-30A1A1F2F164}.Debug|x64.Build.0 = Debug|Any CPU
		{52C0D6E9-37BF-44E8-AE0F-30A1A1F2F164}.Debug|x86.ActiveCfg = Debug|Any CPU
		{52C0D6E9-37BF-44E8-AE0F-30A1A1F2F164}.Debug|x86.Build.0 = Debug|Any CPU
		{52C0D6E9-37BF-44E8-AE0F-30A1A1F2F164}.Release|Any CPU.ActiveCfg = Release|Any CPU
		{52C0D6E9-37BF-44E8-AE0F-30A1A1F2F164}.Release|Any CPU.Build.0 = Release|Any CPU
		{52C0D6E9-37BF-44E8-AE0F-30A1A1F2F164}.Release|x64.ActiveCfg = Release|Any CPU
		{52C0D6E9-37BF-44E8-AE0F-30A1A1F2F164}.Release|x64.Build.0 = Release|Any CPU
		{52C0D6E9-37BF-44E8-AE0F-30A1A1F2F164}.Release|x86.ActiveCfg = Release|Any CPU
		{52C0D6E9-37BF-44E8-AE0F-30A1A1F2F164}.Release|x86.Build.0 = Release|Any CPU
		{A658E195-9E64-44D0-9BE9-2D9134AF3E02}.Debug|Any CPU.ActiveCfg = Debug|Any CPU
		{A658E195-9E64-44D0-9BE9-2D9134AF3E02}.Debug|Any CPU.Build.0 = Debug|Any CPU
		{A658E195-9E64-44D0-9BE9-2D9134AF3E02}.Debug|x64.ActiveCfg = Debug|Any CPU
		{A658E195-9E64-44D0-9BE9-2D9134AF3E02}.Debug|x64.Build.0 = Debug|Any CPU
		{A658E195-9E64-44D0-9BE9-2D9134AF3E02}.Debug|x86.ActiveCfg = Debug|Any CPU
		{A658E195-9E64-44D0-9BE9-2D9134AF3E02}.Debug|x86.Build.0 = Debug|Any CPU
		{A658E195-9E64-44D0-9BE9-2D9134AF3E02}.Release|Any CPU.ActiveCfg = Release|Any CPU
		{A658E195-9E64-44D0-9BE9-2D9134AF3E02}.Release|Any CPU.Build.0 = Release|Any CPU
		{A658E195-9E64-44D0-9BE9-2D9134AF3E02}.Release|x64.ActiveCfg = Release|Any CPU
		{A658E195-9E64-44D0-9BE9-2D9134AF3E02}.Release|x64.Build.0 = Release|Any CPU
		{A658E195-9E64-44D0-9BE9-2D9134AF3E02}.Release|x86.ActiveCfg = Release|Any CPU
		{A658E195-9E64-44D0-9BE9-2D9134AF3E02}.Release|x86.Build.0 = Release|Any CPU
		{AA8C9569-2CFB-4875-8028-724A86854051}.Debug|Any CPU.ActiveCfg = Debug|Any CPU
		{AA8C9569-2CFB-4875-8028-724A86854051}.Debug|Any CPU.Build.0 = Debug|Any CPU
		{AA8C9569-2CFB-4875-8028-724A86854051}.Debug|x64.ActiveCfg = Debug|Any CPU
		{AA8C9569-2CFB-4875-8028-724A86854051}.Debug|x64.Build.0 = Debug|Any CPU
		{AA8C9569-2CFB-4875-8028-724A86854051}.Debug|x86.ActiveCfg = Debug|Any CPU
		{AA8C9569-2CFB-4875-8028-724A86854051}.Debug|x86.Build.0 = Debug|Any CPU
		{AA8C9569-2CFB-4875-8028-724A86854051}.Release|Any CPU.ActiveCfg = Release|Any CPU
		{AA8C9569-2CFB-4875-8028-724A86854051}.Release|Any CPU.Build.0 = Release|Any CPU
		{AA8C9569-2CFB-4875-8028-724A86854051}.Release|x64.ActiveCfg = Release|Any CPU
		{AA8C9569-2CFB-4875-8028-724A86854051}.Release|x64.Build.0 = Release|Any CPU
		{AA8C9569-2CFB-4875-8028-724A86854051}.Release|x86.ActiveCfg = Release|Any CPU
		{AA8C9569-2CFB-4875-8028-724A86854051}.Release|x86.Build.0 = Release|Any CPU
	EndGlobalSection
	GlobalSection(SolutionProperties) = preSolution
		HideSolutionNode = FALSE
	EndGlobalSection
EndGlobal
